{
  "version": 4,
  "terraform_version": "1.7.5",
  "serial": 18,
  "lineage": "6dcb0017-d4f6-3881-cd05-5f91e0cf82a5",
  "outputs": {},
  "resources": [
    {
      "mode": "managed",
      "type": "azurerm_lb",
      "name": "web_lb",
      "provider": "provider[\"registry.terraform.io/hashicorp/azurerm\"]",
      "instances": [
        {
          "schema_version": 0,
          "attributes": {
            "edge_zone": "",
            "frontend_ip_configuration": [
              {
                "gateway_load_balancer_frontend_ip_configuration_id": "",
                "id": "/subscriptions/a9ab978b-a5d4-42b1-a453-fe2690ceb40f/resourceGroups/Azuredevops/providers/Microsoft.Network/loadBalancers/lb-proj1-udacity-eus/frontendIPConfigurations/pip-lb-proj1-udacity-eus",
                "inbound_nat_rules": [],
                "load_balancer_rules": [],
                "name": "pip-lb-proj1-udacity-eus",
                "outbound_rules": [],
                "private_ip_address": "",
                "private_ip_address_allocation": "Dynamic",
                "private_ip_address_version": "",
                "public_ip_address_id": "/subscriptions/a9ab978b-a5d4-42b1-a453-fe2690ceb40f/resourceGroups/Azuredevops/providers/Microsoft.Network/publicIPAddresses/pip-lb-proj1-udacity-eus",
                "public_ip_prefix_id": "",
                "subnet_id": "",
                "zones": null
              }
            ],
            "id": "/subscriptions/a9ab978b-a5d4-42b1-a453-fe2690ceb40f/resourceGroups/Azuredevops/providers/Microsoft.Network/loadBalancers/lb-proj1-udacity-eus",
            "location": "eastus",
            "name": "lb-proj1-udacity-eus",
            "private_ip_address": "",
            "private_ip_addresses": [],
            "resource_group_name": "Azuredevops",
            "sku": "Standard",
            "sku_tier": "Regional",
            "tags": null,
            "timeouts": null
          },
          "sensitive_attributes": [],
          "private": "eyJlMmJmYjczMC1lY2FhLTExZTYtOGY4OC0zNDM2M2JjN2M0YzAiOnsiY3JlYXRlIjoxODAwMDAwMDAwMDAwLCJkZWxldGUiOjE4MDAwMDAwMDAwMDAsInJlYWQiOjMwMDAwMDAwMDAwMCwidXBkYXRlIjoxODAwMDAwMDAwMDAwfX0=",
          "dependencies": [
            "azurerm_public_ip.pip_lb"
          ]
        }
      ]
    },
    {
      "mode": "managed",
      "type": "azurerm_lb_backend_address_pool",
      "name": "backend_address_pool_web_lb",
      "provider": "provider[\"registry.terraform.io/hashicorp/azurerm\"]",
      "instances": [
        {
          "schema_version": 0,
          "attributes": {
            "backend_ip_configurations": [],
            "id": "/subscriptions/a9ab978b-a5d4-42b1-a453-fe2690ceb40f/resourceGroups/Azuredevops/providers/Microsoft.Network/loadBalancers/lb-proj1-udacity-eus/backendAddressPools/bep-lb-proj1-udacity-eus",
            "inbound_nat_rules": [],
            "load_balancing_rules": [],
            "loadbalancer_id": "/subscriptions/a9ab978b-a5d4-42b1-a453-fe2690ceb40f/resourceGroups/Azuredevops/providers/Microsoft.Network/loadBalancers/lb-proj1-udacity-eus",
            "name": "bep-lb-proj1-udacity-eus",
            "outbound_rules": [],
            "timeouts": null,
            "tunnel_interface": [],
            "virtual_network_id": ""
          },
          "sensitive_attributes": [],
          "private": "eyJlMmJmYjczMC1lY2FhLTExZTYtOGY4OC0zNDM2M2JjN2M0YzAiOnsiY3JlYXRlIjoxODAwMDAwMDAwMDAwLCJkZWxldGUiOjE4MDAwMDAwMDAwMDAsInJlYWQiOjMwMDAwMDAwMDAwMCwidXBkYXRlIjoxODAwMDAwMDAwMDAwfX0=",
          "dependencies": [
            "azurerm_lb.web_lb",
            "azurerm_public_ip.pip_lb"
          ]
        }
      ]
    },
    {
      "mode": "managed",
      "type": "azurerm_lb_probe",
      "name": "probe_web_lb",
      "provider": "provider[\"registry.terraform.io/hashicorp/azurerm\"]",
      "instances": [
        {
          "schema_version": 0,
          "attributes": {
            "id": "/subscriptions/a9ab978b-a5d4-42b1-a453-fe2690ceb40f/resourceGroups/Azuredevops/providers/Microsoft.Network/loadBalancers/lb-proj1-udacity-eus/probes/probe-lb-proj1-udacity-eus",
            "interval_in_seconds": 15,
            "load_balancer_rules": [],
            "loadbalancer_id": "/subscriptions/a9ab978b-a5d4-42b1-a453-fe2690ceb40f/resourceGroups/Azuredevops/providers/Microsoft.Network/loadBalancers/lb-proj1-udacity-eus",
            "name": "probe-lb-proj1-udacity-eus",
            "number_of_probes": 2,
            "port": 80,
            "probe_threshold": 1,
            "protocol": "Tcp",
            "request_path": "",
            "timeouts": null
          },
          "sensitive_attributes": [],
          "private": "eyJlMmJmYjczMC1lY2FhLTExZTYtOGY4OC0zNDM2M2JjN2M0YzAiOnsiY3JlYXRlIjoxODAwMDAwMDAwMDAwLCJkZWxldGUiOjE4MDAwMDAwMDAwMDAsInJlYWQiOjMwMDAwMDAwMDAwMCwidXBkYXRlIjoxODAwMDAwMDAwMDAwfX0=",
          "dependencies": [
            "azurerm_lb.web_lb",
            "azurerm_public_ip.pip_lb"
          ]
        }
      ]
    },
    {
      "mode": "managed",
      "type": "azurerm_lb_rule",
      "name": "rule_web_lb",
      "provider": "provider[\"registry.terraform.io/hashicorp/azurerm\"]",
      "instances": [
        {
          "schema_version": 0,
          "attributes": {
            "backend_address_pool_ids": [
              "/subscriptions/a9ab978b-a5d4-42b1-a453-fe2690ceb40f/resourceGroups/Azuredevops/providers/Microsoft.Network/loadBalancers/lb-proj1-udacity-eus/backendAddressPools/bep-lb-proj1-udacity-eus"
            ],
            "backend_port": 80,
            "disable_outbound_snat": false,
            "enable_floating_ip": false,
            "enable_tcp_reset": false,
            "frontend_ip_configuration_id": "/subscriptions/a9ab978b-a5d4-42b1-a453-fe2690ceb40f/resourceGroups/Azuredevops/providers/Microsoft.Network/loadBalancers/lb-proj1-udacity-eus/frontendIPConfigurations/pip-lb-proj1-udacity-eus",
            "frontend_ip_configuration_name": "pip-lb-proj1-udacity-eus",
            "frontend_port": 80,
            "id": "/subscriptions/a9ab978b-a5d4-42b1-a453-fe2690ceb40f/resourceGroups/Azuredevops/providers/Microsoft.Network/loadBalancers/lb-proj1-udacity-eus/loadBalancingRules/rule-lb-proj1-udacity-eus",
            "idle_timeout_in_minutes": 4,
            "load_distribution": "Default",
            "loadbalancer_id": "/subscriptions/a9ab978b-a5d4-42b1-a453-fe2690ceb40f/resourceGroups/Azuredevops/providers/Microsoft.Network/loadBalancers/lb-proj1-udacity-eus",
            "name": "rule-lb-proj1-udacity-eus",
            "probe_id": "/subscriptions/a9ab978b-a5d4-42b1-a453-fe2690ceb40f/resourceGroups/Azuredevops/providers/Microsoft.Network/loadBalancers/lb-proj1-udacity-eus/probes/probe-lb-proj1-udacity-eus",
            "protocol": "Tcp",
            "timeouts": null
          },
          "sensitive_attributes": [],
          "private": "eyJlMmJmYjczMC1lY2FhLTExZTYtOGY4OC0zNDM2M2JjN2M0YzAiOnsiY3JlYXRlIjoxODAwMDAwMDAwMDAwLCJkZWxldGUiOjE4MDAwMDAwMDAwMDAsInJlYWQiOjMwMDAwMDAwMDAwMCwidXBkYXRlIjoxODAwMDAwMDAwMDAwfX0=",
          "dependencies": [
            "azurerm_lb.web_lb",
            "azurerm_lb_backend_address_pool.backend_address_pool_web_lb",
            "azurerm_lb_probe.probe_web_lb",
            "azurerm_public_ip.pip_lb"
          ]
        }
      ]
    },
    {
      "mode": "managed",
      "type": "azurerm_linux_virtual_machine_scale_set",
      "name": "web_vmss",
      "provider": "provider[\"registry.terraform.io/hashicorp/azurerm\"]",
      "instances": [
        {
          "schema_version": 0,
          "attributes": {
            "additional_capabilities": [],
            "admin_password": null,
            "admin_ssh_key": [
              {
                "public_key": "ssh-rsa AAAAB3NzaC1yc2EAAAADAQABAAABgQDHZNA3qcSfm6QY1iIUauyR3LxS5FEb1Nc+NzlJ47DCvk0n0iAKSTvgE1h2AzS8MWjJCHv7+HFnOEJ29pJD4QyunpwzBuzIfbqeiBEIxWT3hwtOiQPHGTt78bIe37Y86HDlRHglTWiSe+dgvWwG4TQ+q4+X6AkrndGk25H8HwRUeDuQ8EE+GTvK2mfNoksmEOgGVkVtMt42qX2lCrvCYeYnQaMY04uUSlbKoYDE21e0YUk30f8jrbB5AQjmJxGdUeF5H8IUcpfORn+HvOqXV5AE4nj04tU5IQhlopD55o6rKEO+ImwZvF+kkAjsnX8ykzLhAp2vZ8ycbpqCS1fD/qt1Cy98QqMZMU9M9G0BcJBlZP5Z8heq8Rq/CChABDEhJGarOY00E1q+wfxl6ucKiqLjSIn/H8YD5UKgb6RZzI4lT4iw71aL88MV3DLgxmK+ruINWbz0MtOg+3Wjhb6f1BMtZQJ4W3VdmwwK0J56k+LA762/I6dUgbz8+zU2ZVpvXsc= nguye@ThienMeow\r\n",
                "username": "thiennnt"
              }
            ],
            "admin_username": "thiennnt",
            "automatic_instance_repair": [
              {
                "enabled": false,
                "grace_period": "PT30M"
              }
            ],
            "automatic_os_upgrade_policy": [],
            "boot_diagnostics": [],
            "capacity_reservation_group_id": "",
            "computer_name_prefix": "web-vmss-proj1-udacity-eus",
            "custom_data": null,
            "data_disk": [],
            "disable_password_authentication": true,
            "do_not_run_extensions_on_overprovisioned_machines": false,
            "edge_zone": "",
            "encryption_at_host_enabled": false,
            "eviction_policy": "",
            "extension": [],
            "extension_operations_enabled": true,
            "extensions_time_budget": "PT1H30M",
            "gallery_application": null,
            "gallery_applications": null,
            "health_probe_id": "",
            "host_group_id": null,
            "id": "/subscriptions/a9ab978b-a5d4-42b1-a453-fe2690ceb40f/resourceGroups/Azuredevops/providers/Microsoft.Compute/virtualMachineScaleSets/web-vmss-proj1-udacity-eus",
            "identity": [],
            "instances": 2,
            "location": "eastus",
            "max_bid_price": -1,
            "name": "web-vmss-proj1-udacity-eus",
            "network_interface": [
              {
                "dns_servers": null,
                "enable_accelerated_networking": false,
                "enable_ip_forwarding": false,
                "ip_configuration": [
                  {
                    "application_gateway_backend_address_pool_ids": null,
                    "application_security_group_ids": null,
                    "load_balancer_backend_address_pool_ids": [
                      "/subscriptions/a9ab978b-a5d4-42b1-a453-fe2690ceb40f/resourceGroups/Azuredevops/providers/Microsoft.Network/loadBalancers/lb-proj1-udacity-eus/backendAddressPools/bep-lb-proj1-udacity-eus"
                    ],
                    "load_balancer_inbound_nat_rules_ids": null,
                    "name": "pip-web-vmss",
                    "primary": true,
                    "public_ip_address": [],
                    "subnet_id": "/subscriptions/a9ab978b-a5d4-42b1-a453-fe2690ceb40f/resourceGroups/Azuredevops/providers/Microsoft.Network/virtualNetworks/vnet-proj1-udacity-eus/subnets/web-subnet-proj1-udacity-eus",
                    "version": "IPv4"
                  }
                ],
                "name": "nic-web-vmss-proj1-udacity-eus",
                "network_security_group_id": "",
                "primary": true
              }
            ],
            "os_disk": [
              {
                "caching": "None",
                "diff_disk_settings": [],
                "disk_encryption_set_id": "",
                "disk_size_gb": 30,
                "secure_vm_disk_encryption_set_id": "",
                "security_encryption_type": "",
                "storage_account_type": "Standard_LRS",
                "write_accelerator_enabled": false
              }
            ],
            "overprovision": true,
            "plan": [],
            "platform_fault_domain_count": 5,
            "priority": "Regular",
            "provision_vm_agent": true,
            "proximity_placement_group_id": "",
            "resource_group_name": "Azuredevops",
            "rolling_upgrade_policy": [],
            "scale_in": [
              {
                "force_deletion_enabled": false,
                "rule": "Default"
              }
            ],
            "scale_in_policy": "Default",
            "secret": [],
            "secure_boot_enabled": false,
            "single_placement_group": true,
            "sku": "Standard_DS1_v2",
            "source_image_id": "/subscriptions/a9ab978b-a5d4-42b1-a453-fe2690ceb40f/resourceGroups/Azuredevops/providers/Microsoft.Compute/images/image_linux_hello_world",
            "source_image_reference": [],
            "spot_restore": null,
            "tags": {
              "Application": "Proj1",
              "CreatedBy": "Terraform",
              "Environment": "Udacity"
            },
            "terminate_notification": null,
            "termination_notification": null,
            "timeouts": null,
            "unique_id": "b0358d6c-876d-4800-a472-cdc43ad7ab94",
            "upgrade_mode": "Automatic",
            "user_data": "",
            "vtpm_enabled": false,
            "zone_balance": false,
            "zones": null
          },
          "sensitive_attributes": [],
          "private": "eyJlMmJmYjczMC1lY2FhLTExZTYtOGY4OC0zNDM2M2JjN2M0YzAiOnsiY3JlYXRlIjozNjAwMDAwMDAwMDAwLCJkZWxldGUiOjM2MDAwMDAwMDAwMDAsInJlYWQiOjMwMDAwMDAwMDAwMCwidXBkYXRlIjozNjAwMDAwMDAwMDAwfX0=",
          "dependencies": [
            "azurerm_lb.web_lb",
            "azurerm_lb_backend_address_pool.backend_address_pool_web_lb",
            "azurerm_public_ip.pip_lb",
            "azurerm_subnet.web_subnet",
            "azurerm_virtual_network.vnet"
          ]
        }
      ]
    },
    {
      "mode": "managed",
      "type": "azurerm_network_interface",
      "name": "nic_vmss",
      "provider": "provider[\"registry.terraform.io/hashicorp/azurerm\"]",
      "instances": [
        {
          "schema_version": 0,
          "attributes": {
            "applied_dns_servers": [],
            "auxiliary_mode": "",
            "auxiliary_sku": "",
            "dns_servers": [],
            "edge_zone": "",
            "enable_accelerated_networking": false,
            "enable_ip_forwarding": false,
            "id": "/subscriptions/a9ab978b-a5d4-42b1-a453-fe2690ceb40f/resourceGroups/Azuredevops/providers/Microsoft.Network/networkInterfaces/nic-vmss",
            "internal_dns_name_label": "",
            "internal_domain_name_suffix": "ockwt3jes5kunm4y0553mog42b.bx.internal.cloudapp.net",
            "ip_configuration": [
              {
                "gateway_load_balancer_frontend_ip_configuration_id": "",
                "name": "internal",
                "primary": true,
                "private_ip_address": "10.0.1.4",
                "private_ip_address_allocation": "Dynamic",
                "private_ip_address_version": "IPv4",
                "public_ip_address_id": "",
                "subnet_id": "/subscriptions/a9ab978b-a5d4-42b1-a453-fe2690ceb40f/resourceGroups/Azuredevops/providers/Microsoft.Network/virtualNetworks/vnet-proj1-udacity-eus/subnets/web-subnet-proj1-udacity-eus"
              }
            ],
            "location": "eastus",
            "mac_address": "",
            "name": "nic-vmss",
            "private_ip_address": "10.0.1.4",
            "private_ip_addresses": [
              "10.0.1.4"
            ],
            "resource_group_name": "Azuredevops",
            "tags": {},
            "timeouts": null,
            "virtual_machine_id": ""
          },
          "sensitive_attributes": [],
          "private": "eyJlMmJmYjczMC1lY2FhLTExZTYtOGY4OC0zNDM2M2JjN2M0YzAiOnsiY3JlYXRlIjoxODAwMDAwMDAwMDAwLCJkZWxldGUiOjE4MDAwMDAwMDAwMDAsInJlYWQiOjMwMDAwMDAwMDAwMCwidXBkYXRlIjoxODAwMDAwMDAwMDAwfX0=",
          "dependencies": [
            "azurerm_subnet.web_subnet",
            "azurerm_virtual_network.vnet"
          ]
        }
      ]
    },
    {
      "mode": "managed",
      "type": "azurerm_network_security_group",
      "name": "web_subnet_nsg",
      "provider": "provider[\"registry.terraform.io/hashicorp/azurerm\"]",
      "instances": [
        {
          "schema_version": 0,
          "attributes": {
            "id": "/subscriptions/a9ab978b-a5d4-42b1-a453-fe2690ceb40f/resourceGroups/Azuredevops/providers/Microsoft.Network/networkSecurityGroups/nsg-proj1-udacity-eus",
            "location": "eastus",
            "name": "nsg-proj1-udacity-eus",
            "resource_group_name": "Azuredevops",
            "security_rule": [
              {
                "access": "Allow",
                "description": "",
                "destination_address_prefix": "*",
                "destination_address_prefixes": [],
                "destination_application_security_group_ids": [],
                "destination_port_range": "*",
                "destination_port_ranges": [],
                "direction": "Inbound",
                "name": "AllowInboundVnet",
                "priority": 100,
                "protocol": "*",
                "source_address_prefix": "10.0.0.0/16",
                "source_address_prefixes": [],
                "source_application_security_group_ids": [],
                "source_port_range": "*",
                "source_port_ranges": []
              },
              {
                "access": "Allow",
                "description": "",
                "destination_address_prefix": "*",
                "destination_address_prefixes": [],
                "destination_application_security_group_ids": [],
                "destination_port_range": "*",
                "destination_port_ranges": [],
                "direction": "Inbound",
                "name": "DenyInboundInternet",
                "priority": 4096,
                "protocol": "*",
                "source_address_prefix": "*",
                "source_address_prefixes": [],
                "source_application_security_group_ids": [],
                "source_port_range": "*",
                "source_port_ranges": []
              },
              {
                "access": "Allow",
                "description": "",
                "destination_address_prefix": "*",
                "destination_address_prefixes": [],
                "destination_application_security_group_ids": [],
                "destination_port_range": "*",
                "destination_port_ranges": [],
                "direction": "Outbound",
                "name": "AllowOutboundVnet",
                "priority": 120,
                "protocol": "*",
                "source_address_prefix": "10.0.0.0/16",
                "source_address_prefixes": [],
                "source_application_security_group_ids": [],
                "source_port_range": "*",
                "source_port_ranges": []
              },
              {
                "access": "Allow",
                "description": "",
                "destination_address_prefix": "*",
                "destination_address_prefixes": [],
                "destination_application_security_group_ids": [],
                "destination_port_range": "80",
                "destination_port_ranges": [],
                "direction": "Inbound",
                "name": "AllowInboundLoadBalancer",
                "priority": 110,
                "protocol": "*",
                "source_address_prefix": "20.232.19.164",
                "source_address_prefixes": [],
                "source_application_security_group_ids": [],
                "source_port_range": "*",
                "source_port_ranges": []
              }
            ],
            "tags": {},
            "timeouts": null
          },
          "sensitive_attributes": [],
          "private": "eyJlMmJmYjczMC1lY2FhLTExZTYtOGY4OC0zNDM2M2JjN2M0YzAiOnsiY3JlYXRlIjoxODAwMDAwMDAwMDAwLCJkZWxldGUiOjE4MDAwMDAwMDAwMDAsInJlYWQiOjMwMDAwMDAwMDAwMCwidXBkYXRlIjoxODAwMDAwMDAwMDAwfX0="
        }
      ]
    },
    {
      "mode": "managed",
      "type": "azurerm_network_security_rule",
      "name": "allow_http_lb",
      "provider": "provider[\"registry.terraform.io/hashicorp/azurerm\"]",
      "instances": [
        {
          "schema_version": 0,
          "attributes": {
            "access": "Allow",
            "description": "",
            "destination_address_prefix": "*",
            "destination_address_prefixes": [],
            "destination_application_security_group_ids": [],
            "destination_port_range": "80",
            "destination_port_ranges": [],
            "direction": "Inbound",
            "id": "/subscriptions/a9ab978b-a5d4-42b1-a453-fe2690ceb40f/resourceGroups/Azuredevops/providers/Microsoft.Network/networkSecurityGroups/nsg-proj1-udacity-eus/securityRules/AllowInboundLoadBalancer",
            "name": "AllowInboundLoadBalancer",
            "network_security_group_name": "nsg-proj1-udacity-eus",
            "priority": 110,
            "protocol": "*",
            "resource_group_name": "Azuredevops",
            "source_address_prefix": "20.232.19.164",
            "source_address_prefixes": [],
            "source_application_security_group_ids": [],
            "source_port_range": "*",
            "source_port_ranges": [],
            "timeouts": null
          },
          "sensitive_attributes": [],
          "private": "eyJlMmJmYjczMC1lY2FhLTExZTYtOGY4OC0zNDM2M2JjN2M0YzAiOnsiY3JlYXRlIjoxODAwMDAwMDAwMDAwLCJkZWxldGUiOjE4MDAwMDAwMDAwMDAsInJlYWQiOjMwMDAwMDAwMDAwMCwidXBkYXRlIjoxODAwMDAwMDAwMDAwfX0=",
          "dependencies": [
            "azurerm_network_security_group.web_subnet_nsg",
            "azurerm_public_ip.pip_lb"
          ]
        }
      ]
    },
    {
      "mode": "managed",
      "type": "azurerm_network_security_rule",
      "name": "allow_inbound_vnet",
      "provider": "provider[\"registry.terraform.io/hashicorp/azurerm\"]",
      "instances": [
        {
          "schema_version": 0,
          "attributes": {
            "access": "Allow",
            "description": "",
            "destination_address_prefix": "*",
            "destination_address_prefixes": [],
            "destination_application_security_group_ids": [],
            "destination_port_range": "*",
            "destination_port_ranges": [],
            "direction": "Inbound",
            "id": "/subscriptions/a9ab978b-a5d4-42b1-a453-fe2690ceb40f/resourceGroups/Azuredevops/providers/Microsoft.Network/networkSecurityGroups/nsg-proj1-udacity-eus/securityRules/AllowInboundVnet",
            "name": "AllowInboundVnet",
            "network_security_group_name": "nsg-proj1-udacity-eus",
            "priority": 100,
            "protocol": "*",
            "resource_group_name": "Azuredevops",
            "source_address_prefix": "10.0.0.0/16",
            "source_address_prefixes": [],
            "source_application_security_group_ids": [],
            "source_port_range": "*",
            "source_port_ranges": [],
            "timeouts": null
          },
          "sensitive_attributes": [],
          "private": "eyJlMmJmYjczMC1lY2FhLTExZTYtOGY4OC0zNDM2M2JjN2M0YzAiOnsiY3JlYXRlIjoxODAwMDAwMDAwMDAwLCJkZWxldGUiOjE4MDAwMDAwMDAwMDAsInJlYWQiOjMwMDAwMDAwMDAwMCwidXBkYXRlIjoxODAwMDAwMDAwMDAwfX0=",
          "dependencies": [
            "azurerm_network_security_group.web_subnet_nsg",
            "azurerm_virtual_network.vnet"
          ]
        }
      ]
    },
    {
      "mode": "managed",
      "type": "azurerm_network_security_rule",
      "name": "allow_outbound_vnet",
      "provider": "provider[\"registry.terraform.io/hashicorp/azurerm\"]",
      "instances": [
        {
          "schema_version": 0,
          "attributes": {
            "access": "Allow",
            "description": "",
            "destination_address_prefix": "*",
            "destination_address_prefixes": [],
            "destination_application_security_group_ids": [],
            "destination_port_range": "*",
            "destination_port_ranges": [],
            "direction": "Outbound",
            "id": "/subscriptions/a9ab978b-a5d4-42b1-a453-fe2690ceb40f/resourceGroups/Azuredevops/providers/Microsoft.Network/networkSecurityGroups/nsg-proj1-udacity-eus/securityRules/AllowOutboundVnet",
            "name": "AllowOutboundVnet",
            "network_security_group_name": "nsg-proj1-udacity-eus",
            "priority": 120,
            "protocol": "*",
            "resource_group_name": "Azuredevops",
            "source_address_prefix": "10.0.0.0/16",
            "source_address_prefixes": [],
            "source_application_security_group_ids": [],
            "source_port_range": "*",
            "source_port_ranges": [],
            "timeouts": null
          },
          "sensitive_attributes": [],
          "private": "eyJlMmJmYjczMC1lY2FhLTExZTYtOGY4OC0zNDM2M2JjN2M0YzAiOnsiY3JlYXRlIjoxODAwMDAwMDAwMDAwLCJkZWxldGUiOjE4MDAwMDAwMDAwMDAsInJlYWQiOjMwMDAwMDAwMDAwMCwidXBkYXRlIjoxODAwMDAwMDAwMDAwfX0=",
          "dependencies": [
            "azurerm_network_security_group.web_subnet_nsg",
            "azurerm_virtual_network.vnet"
          ]
        }
      ]
    },
    {
      "mode": "managed",
      "type": "azurerm_network_security_rule",
      "name": "deny_inbound_internet",
      "provider": "provider[\"registry.terraform.io/hashicorp/azurerm\"]",
      "instances": [
        {
          "schema_version": 0,
          "attributes": {
            "access": "Allow",
            "description": "",
            "destination_address_prefix": "*",
            "destination_address_prefixes": [],
            "destination_application_security_group_ids": [],
            "destination_port_range": "*",
            "destination_port_ranges": [],
            "direction": "Inbound",
            "id": "/subscriptions/a9ab978b-a5d4-42b1-a453-fe2690ceb40f/resourceGroups/Azuredevops/providers/Microsoft.Network/networkSecurityGroups/nsg-proj1-udacity-eus/securityRules/DenyInboundInternet",
            "name": "DenyInboundInternet",
            "network_security_group_name": "nsg-proj1-udacity-eus",
            "priority": 4096,
            "protocol": "*",
            "resource_group_name": "Azuredevops",
            "source_address_prefix": "*",
            "source_address_prefixes": [],
            "source_application_security_group_ids": [],
            "source_port_range": "*",
            "source_port_ranges": [],
            "timeouts": null
          },
          "sensitive_attributes": [],
          "private": "eyJlMmJmYjczMC1lY2FhLTExZTYtOGY4OC0zNDM2M2JjN2M0YzAiOnsiY3JlYXRlIjoxODAwMDAwMDAwMDAwLCJkZWxldGUiOjE4MDAwMDAwMDAwMDAsInJlYWQiOjMwMDAwMDAwMDAwMCwidXBkYXRlIjoxODAwMDAwMDAwMDAwfX0=",
          "dependencies": [
            "azurerm_network_security_group.web_subnet_nsg"
          ]
        }
      ]
    },
    {
      "mode": "managed",
      "type": "azurerm_public_ip",
      "name": "pip_lb",
      "provider": "provider[\"registry.terraform.io/hashicorp/azurerm\"]",
      "instances": [
        {
          "schema_version": 0,
          "attributes": {
            "allocation_method": "Static",
            "ddos_protection_mode": "VirtualNetworkInherited",
            "ddos_protection_plan_id": null,
            "domain_name_label": null,
            "edge_zone": "",
            "fqdn": null,
            "id": "/subscriptions/a9ab978b-a5d4-42b1-a453-fe2690ceb40f/resourceGroups/Azuredevops/providers/Microsoft.Network/publicIPAddresses/pip-lb-proj1-udacity-eus",
            "idle_timeout_in_minutes": 4,
            "ip_address": "20.232.19.164",
            "ip_tags": {},
            "ip_version": "IPv4",
            "location": "eastus",
            "name": "pip-lb-proj1-udacity-eus",
            "public_ip_prefix_id": null,
            "resource_group_name": "Azuredevops",
            "reverse_fqdn": null,
            "sku": "Standard",
            "sku_tier": "Regional",
            "tags": {
              "Application": "Proj1",
              "CreatedBy": "Terraform",
              "Environment": "Udacity"
            },
            "timeouts": null,
            "zones": []
          },
          "sensitive_attributes": [],
          "private": "eyJlMmJmYjczMC1lY2FhLTExZTYtOGY4OC0zNDM2M2JjN2M0YzAiOnsiY3JlYXRlIjoxODAwMDAwMDAwMDAwLCJkZWxldGUiOjE4MDAwMDAwMDAwMDAsInJlYWQiOjMwMDAwMDAwMDAwMCwidXBkYXRlIjoxODAwMDAwMDAwMDAwfX0="
        }
      ]
    },
    {
      "mode": "managed",
      "type": "azurerm_subnet",
      "name": "web_subnet",
      "provider": "provider[\"registry.terraform.io/hashicorp/azurerm\"]",
      "instances": [
        {
          "schema_version": 0,
          "attributes": {
            "address_prefixes": [
              "10.0.1.0/24"
            ],
            "delegation": [],
            "enforce_private_link_endpoint_network_policies": false,
            "enforce_private_link_service_network_policies": false,
            "id": "/subscriptions/a9ab978b-a5d4-42b1-a453-fe2690ceb40f/resourceGroups/Azuredevops/providers/Microsoft.Network/virtualNetworks/vnet-proj1-udacity-eus/subnets/web-subnet-proj1-udacity-eus",
            "name": "web-subnet-proj1-udacity-eus",
            "private_endpoint_network_policies_enabled": true,
            "private_link_service_network_policies_enabled": true,
            "resource_group_name": "Azuredevops",
            "service_endpoint_policy_ids": [],
            "service_endpoints": [],
            "timeouts": null,
            "virtual_network_name": "vnet-proj1-udacity-eus"
          },
          "sensitive_attributes": [],
          "private": "eyJlMmJmYjczMC1lY2FhLTExZTYtOGY4OC0zNDM2M2JjN2M0YzAiOnsiY3JlYXRlIjoxODAwMDAwMDAwMDAwLCJkZWxldGUiOjE4MDAwMDAwMDAwMDAsInJlYWQiOjMwMDAwMDAwMDAwMCwidXBkYXRlIjoxODAwMDAwMDAwMDAwfX0=",
          "dependencies": [
            "azurerm_virtual_network.vnet"
          ]
        }
      ]
    },
    {
      "mode": "managed",
      "type": "azurerm_subnet_network_security_group_association",
      "name": "subnet_nsg_association",
      "provider": "provider[\"registry.terraform.io/hashicorp/azurerm\"]",
      "instances": [
        {
          "schema_version": 0,
          "attributes": {
            "id": "/subscriptions/a9ab978b-a5d4-42b1-a453-fe2690ceb40f/resourceGroups/Azuredevops/providers/Microsoft.Network/virtualNetworks/vnet-proj1-udacity-eus/subnets/web-subnet-proj1-udacity-eus",
            "network_security_group_id": "/subscriptions/a9ab978b-a5d4-42b1-a453-fe2690ceb40f/resourceGroups/Azuredevops/providers/Microsoft.Network/networkSecurityGroups/nsg-proj1-udacity-eus",
            "subnet_id": "/subscriptions/a9ab978b-a5d4-42b1-a453-fe2690ceb40f/resourceGroups/Azuredevops/providers/Microsoft.Network/virtualNetworks/vnet-proj1-udacity-eus/subnets/web-subnet-proj1-udacity-eus",
            "timeouts": null
          },
          "sensitive_attributes": [],
          "private": "eyJlMmJmYjczMC1lY2FhLTExZTYtOGY4OC0zNDM2M2JjN2M0YzAiOnsiY3JlYXRlIjoxODAwMDAwMDAwMDAwLCJkZWxldGUiOjE4MDAwMDAwMDAwMDAsInJlYWQiOjMwMDAwMDAwMDAwMH19",
          "dependencies": [
            "azurerm_network_security_group.web_subnet_nsg",
            "azurerm_network_security_rule.allow_http_lb",
            "azurerm_network_security_rule.allow_inbound_vnet",
            "azurerm_network_security_rule.allow_outbound_vnet",
            "azurerm_network_security_rule.deny_inbound_internet",
            "azurerm_public_ip.pip_lb",
            "azurerm_subnet.web_subnet",
            "azurerm_virtual_network.vnet"
          ]
        }
      ]
    },
    {
      "mode": "managed",
      "type": "azurerm_virtual_network",
      "name": "vnet",
      "provider": "provider[\"registry.terraform.io/hashicorp/azurerm\"]",
      "instances": [
        {
          "schema_version": 0,
          "attributes": {
            "address_space": [
              "10.0.0.0/16"
            ],
            "bgp_community": "",
            "ddos_protection_plan": [],
            "dns_servers": [],
            "edge_zone": "",
            "encryption": [],
            "flow_timeout_in_minutes": 0,
            "guid": "f5699570-9724-46d5-b3d8-d7ffd638dee1",
            "id": "/subscriptions/a9ab978b-a5d4-42b1-a453-fe2690ceb40f/resourceGroups/Azuredevops/providers/Microsoft.Network/virtualNetworks/vnet-proj1-udacity-eus",
            "location": "eastus",
            "name": "vnet-proj1-udacity-eus",
            "resource_group_name": "Azuredevops",
            "subnet": [
              {
                "address_prefix": "10.0.1.0/24",
                "id": "/subscriptions/a9ab978b-a5d4-42b1-a453-fe2690ceb40f/resourceGroups/Azuredevops/providers/Microsoft.Network/virtualNetworks/vnet-proj1-udacity-eus/subnets/web-subnet-proj1-udacity-eus",
                "name": "web-subnet-proj1-udacity-eus",
                "security_group": "/subscriptions/a9ab978b-a5d4-42b1-a453-fe2690ceb40f/resourceGroups/Azuredevops/providers/Microsoft.Network/networkSecurityGroups/nsg-proj1-udacity-eus"
              }
            ],
            "tags": {
              "Application": "Proj1",
              "CreatedBy": "Terraform",
              "Environment": "Udacity"
            },
            "timeouts": null
          },
          "sensitive_attributes": [],
          "private": "eyJlMmJmYjczMC1lY2FhLTExZTYtOGY4OC0zNDM2M2JjN2M0YzAiOnsiY3JlYXRlIjoxODAwMDAwMDAwMDAwLCJkZWxldGUiOjE4MDAwMDAwMDAwMDAsInJlYWQiOjMwMDAwMDAwMDAwMCwidXBkYXRlIjoxODAwMDAwMDAwMDAwfX0="
        }
      ]
    }
  ],
  "check_results": null
}
